
Microsoft Visual Studio Solution File, Format Version 12.00
# Visual Studio Version 17
VisualStudioVersion = 17.0.31903.59
MinimumVisualStudioVersion = 10.0.40219.1
Project("{FAE04EC0-301F-11D3-BF4B-00C04F79EFBC}") = "01", "01\01.csproj", "{799DECB5-EA25-4EED-A026-C3B50708BC7B}"
EndProject
Project("{FAE04EC0-301F-11D3-BF4B-00C04F79EFBC}") = "02", "02\02.csproj", "{C04AEDF9-4987-4F76-8B17-BE8013A0A144}"
EndProject
Project("{FAE04EC0-301F-11D3-BF4B-00C04F79EFBC}") = "03", "03\03.csproj", "{3B41BC25-BD48-4713-8DAB-97DD7AA9945A}"
EndProject
Project("{FAE04EC0-301F-11D3-BF4B-00C04F79EFBC}") = "04", "04\04.csproj", "{507C8B76-AF96-458C-A648-FFEE8A83FBBE}"
EndProject
Project("{FAE04EC0-301F-11D3-BF4B-00C04F79EFBC}") = "05", "05\05.csproj", "{983BA55C-E263-43AF-B987-1C34CFED4ECE}"
EndProject
Project("{FAE04EC0-301F-11D3-BF4B-00C04F79EFBC}") = "06", "06\06.csproj", "{5722AC4F-7AC4-4DA1-B2A3-8C51A6813B35}"
EndProject
Project("{FAE04EC0-301F-11D3-BF4B-00C04F79EFBC}") = "07", "07\07.csproj", "{A44864B4-6536-43AD-B925-3C6EC88E95F8}"
EndProject
Project("{FAE04EC0-301F-11D3-BF4B-00C04F79EFBC}") = "08", "08\08.csproj", "{3025D708-316E-4678-B82D-3EBEF0398876}"
EndProject
Project("{FAE04EC0-301F-11D3-BF4B-00C04F79EFBC}") = "09", "09\09.csproj", "{18CED72A-B31B-462B-9EE8-11E7D5039334}"
EndProject
Project("{FAE04EC0-301F-11D3-BF4B-00C04F79EFBC}") = "10", "10\10.csproj", "{B178CC26-8632-4A74-8CF7-FC54DAA1418F}"
EndProject
Project("{FAE04EC0-301F-11D3-BF4B-00C04F79EFBC}") = "11", "11\11.csproj", "{2383BD14-A477-40DA-83C7-CBD50749DA1D}"
EndProject
Project("{FAE04EC0-301F-11D3-BF4B-00C04F79EFBC}") = "12", "12\12.csproj", "{52D49BAC-6F42-4398-B3FD-971360FD37BA}"
EndProject
Project("{FAE04EC0-301F-11D3-BF4B-00C04F79EFBC}") = "13", "13\13.csproj", "{A70165A0-B5E9-47A5-845D-8506CB1CABC6}"
EndProject
Project("{FAE04EC0-301F-11D3-BF4B-00C04F79EFBC}") = "14", "14\14.csproj", "{DA674F32-7FCE-4139-8CE7-62F78C77F0D5}"
EndProject
Project("{FAE04EC0-301F-11D3-BF4B-00C04F79EFBC}") = "15", "15\15.csproj", "{9A31E5FB-5DE7-4F1F-BD77-D47081F2C02A}"
EndProject
Project("{FAE04EC0-301F-11D3-BF4B-00C04F79EFBC}") = "16", "16\16.csproj", "{02871A04-8BAB-400F-8370-D78EB8895ABB}"
EndProject
Project("{FAE04EC0-301F-11D3-BF4B-00C04F79EFBC}") = "17", "17\17.csproj", "{C528137C-BFFB-4F34-9A61-22C0EB8051D4}"
EndProject
Project("{FAE04EC0-301F-11D3-BF4B-00C04F79EFBC}") = "18", "18\18.csproj", "{19429353-3A97-456B-BF3F-A108DB374DFF}"
EndProject
Project("{FAE04EC0-301F-11D3-BF4B-00C04F79EFBC}") = "19", "19\19.csproj", "{68B93F12-A34B-4CBE-8636-A8FF24633EAF}"
EndProject
Project("{FAE04EC0-301F-11D3-BF4B-00C04F79EFBC}") = "20", "20\20.csproj", "{8603EC27-7BC1-4B25-A9F4-1B0C4CAECF83}"
EndProject
Project("{FAE04EC0-301F-11D3-BF4B-00C04F79EFBC}") = "21", "21\21.csproj", "{E0CBA493-FA99-4F5C-A1DD-90C0451457E1}"
EndProject
Project("{FAE04EC0-301F-11D3-BF4B-00C04F79EFBC}") = "22", "22\22.csproj", "{68524E02-591F-44B6-8300-F882BD84C3E9}"
EndProject
Project("{FAE04EC0-301F-11D3-BF4B-00C04F79EFBC}") = "23", "23\23.csproj", "{84BAD014-4B89-40FB-BC02-D70CDB03E335}"
EndProject
Project("{FAE04EC0-301F-11D3-BF4B-00C04F79EFBC}") = "24", "24\24.csproj", "{43EF6A33-62AE-47A0-ADA5-B5A51DAD4D77}"
EndProject
Global
	GlobalSection(SolutionConfigurationPlatforms) = preSolution
		Debug|Any CPU = Debug|Any CPU
		Release|Any CPU = Release|Any CPU
	EndGlobalSection
	GlobalSection(SolutionProperties) = preSolution
		HideSolutionNode = FALSE
	EndGlobalSection
	GlobalSection(ProjectConfigurationPlatforms) = postSolution
		{799DECB5-EA25-4EED-A026-C3B50708BC7B}.Debug|Any CPU.ActiveCfg = Debug|Any CPU
		{799DECB5-EA25-4EED-A026-C3B50708BC7B}.Debug|Any CPU.Build.0 = Debug|Any CPU
		{799DECB5-EA25-4EED-A026-C3B50708BC7B}.Release|Any CPU.ActiveCfg = Release|Any CPU
		{799DECB5-EA25-4EED-A026-C3B50708BC7B}.Release|Any CPU.Build.0 = Release|Any CPU
		{C04AEDF9-4987-4F76-8B17-BE8013A0A144}.Debug|Any CPU.ActiveCfg = Debug|Any CPU
		{C04AEDF9-4987-4F76-8B17-BE8013A0A144}.Debug|Any CPU.Build.0 = Debug|Any CPU
		{C04AEDF9-4987-4F76-8B17-BE8013A0A144}.Release|Any CPU.ActiveCfg = Release|Any CPU
		{C04AEDF9-4987-4F76-8B17-BE8013A0A144}.Release|Any CPU.Build.0 = Release|Any CPU
		{3B41BC25-BD48-4713-8DAB-97DD7AA9945A}.Debug|Any CPU.ActiveCfg = Debug|Any CPU
		{3B41BC25-BD48-4713-8DAB-97DD7AA9945A}.Debug|Any CPU.Build.0 = Debug|Any CPU
		{3B41BC25-BD48-4713-8DAB-97DD7AA9945A}.Release|Any CPU.ActiveCfg = Release|Any CPU
		{3B41BC25-BD48-4713-8DAB-97DD7AA9945A}.Release|Any CPU.Build.0 = Release|Any CPU
		{507C8B76-AF96-458C-A648-FFEE8A83FBBE}.Debug|Any CPU.ActiveCfg = Debug|Any CPU
		{507C8B76-AF96-458C-A648-FFEE8A83FBBE}.Debug|Any CPU.Build.0 = Debug|Any CPU
		{507C8B76-AF96-458C-A648-FFEE8A83FBBE}.Release|Any CPU.ActiveCfg = Release|Any CPU
		{507C8B76-AF96-458C-A648-FFEE8A83FBBE}.Release|Any CPU.Build.0 = Release|Any CPU
		{983BA55C-E263-43AF-B987-1C34CFED4ECE}.Debug|Any CPU.ActiveCfg = Debug|Any CPU
		{983BA55C-E263-43AF-B987-1C34CFED4ECE}.Debug|Any CPU.Build.0 = Debug|Any CPU
		{983BA55C-E263-43AF-B987-1C34CFED4ECE}.Release|Any CPU.ActiveCfg = Release|Any CPU
		{983BA55C-E263-43AF-B987-1C34CFED4ECE}.Release|Any CPU.Build.0 = Release|Any CPU
		{5722AC4F-7AC4-4DA1-B2A3-8C51A6813B35}.Debug|Any CPU.ActiveCfg = Debug|Any CPU
		{5722AC4F-7AC4-4DA1-B2A3-8C51A6813B35}.Debug|Any CPU.Build.0 = Debug|Any CPU
		{5722AC4F-7AC4-4DA1-B2A3-8C51A6813B35}.Release|Any CPU.ActiveCfg = Release|Any CPU
		{5722AC4F-7AC4-4DA1-B2A3-8C51A6813B35}.Release|Any CPU.Build.0 = Release|Any CPU
		{A44864B4-6536-43AD-B925-3C6EC88E95F8}.Debug|Any CPU.ActiveCfg = Debug|Any CPU
		{A44864B4-6536-43AD-B925-3C6EC88E95F8}.Debug|Any CPU.Build.0 = Debug|Any CPU
		{A44864B4-6536-43AD-B925-3C6EC88E95F8}.Release|Any CPU.ActiveCfg = Release|Any CPU
		{A44864B4-6536-43AD-B925-3C6EC88E95F8}.Release|Any CPU.Build.0 = Release|Any CPU
		{3025D708-316E-4678-B82D-3EBEF0398876}.Debug|Any CPU.ActiveCfg = Debug|Any CPU
		{3025D708-316E-4678-B82D-3EBEF0398876}.Debug|Any CPU.Build.0 = Debug|Any CPU
		{3025D708-316E-4678-B82D-3EBEF0398876}.Release|Any CPU.ActiveCfg = Release|Any CPU
		{3025D708-316E-4678-B82D-3EBEF0398876}.Release|Any CPU.Build.0 = Release|Any CPU
		{18CED72A-B31B-462B-9EE8-11E7D5039334}.Debug|Any CPU.ActiveCfg = Debug|Any CPU
		{18CED72A-B31B-462B-9EE8-11E7D5039334}.Debug|Any CPU.Build.0 = Debug|Any CPU
		{18CED72A-B31B-462B-9EE8-11E7D5039334}.Release|Any CPU.ActiveCfg = Release|Any CPU
		{18CED72A-B31B-462B-9EE8-11E7D5039334}.Release|Any CPU.Build.0 = Release|Any CPU
		{B178CC26-8632-4A74-8CF7-FC54DAA1418F}.Debug|Any CPU.ActiveCfg = Debug|Any CPU
		{B178CC26-8632-4A74-8CF7-FC54DAA1418F}.Debug|Any CPU.Build.0 = Debug|Any CPU
		{B178CC26-8632-4A74-8CF7-FC54DAA1418F}.Release|Any CPU.ActiveCfg = Release|Any CPU
		{B178CC26-8632-4A74-8CF7-FC54DAA1418F}.Release|Any CPU.Build.0 = Release|Any CPU
		{2383BD14-A477-40DA-83C7-CBD50749DA1D}.Debug|Any CPU.ActiveCfg = Debug|Any CPU
		{2383BD14-A477-40DA-83C7-CBD50749DA1D}.Debug|Any CPU.Build.0 = Debug|Any CPU
		{2383BD14-A477-40DA-83C7-CBD50749DA1D}.Release|Any CPU.ActiveCfg = Release|Any CPU
		{2383BD14-A477-40DA-83C7-CBD50749DA1D}.Release|Any CPU.Build.0 = Release|Any CPU
		{52D49BAC-6F42-4398-B3FD-971360FD37BA}.Debug|Any CPU.ActiveCfg = Debug|Any CPU
		{52D49BAC-6F42-4398-B3FD-971360FD37BA}.Debug|Any CPU.Build.0 = Debug|Any CPU
		{52D49BAC-6F42-4398-B3FD-971360FD37BA}.Release|Any CPU.ActiveCfg = Release|Any CPU
		{52D49BAC-6F42-4398-B3FD-971360FD37BA}.Release|Any CPU.Build.0 = Release|Any CPU
		{A70165A0-B5E9-47A5-845D-8506CB1CABC6}.Debug|Any CPU.ActiveCfg = Debug|Any CPU
		{A70165A0-B5E9-47A5-845D-8506CB1CABC6}.Debug|Any CPU.Build.0 = Debug|Any CPU
		{A70165A0-B5E9-47A5-845D-8506CB1CABC6}.Release|Any CPU.ActiveCfg = Release|Any CPU
		{A70165A0-B5E9-47A5-845D-8506CB1CABC6}.Release|Any CPU.Build.0 = Release|Any CPU
		{DA674F32-7FCE-4139-8CE7-62F78C77F0D5}.Debug|Any CPU.ActiveCfg = Debug|Any CPU
		{DA674F32-7FCE-4139-8CE7-62F78C77F0D5}.Debug|Any CPU.Build.0 = Debug|Any CPU
		{DA674F32-7FCE-4139-8CE7-62F78C77F0D5}.Release|Any CPU.ActiveCfg = Release|Any CPU
		{DA674F32-7FCE-4139-8CE7-62F78C77F0D5}.Release|Any CPU.Build.0 = Release|Any CPU
		{9A31E5FB-5DE7-4F1F-BD77-D47081F2C02A}.Debug|Any CPU.ActiveCfg = Debug|Any CPU
		{9A31E5FB-5DE7-4F1F-BD77-D47081F2C02A}.Debug|Any CPU.Build.0 = Debug|Any CPU
		{9A31E5FB-5DE7-4F1F-BD77-D47081F2C02A}.Release|Any CPU.ActiveCfg = Release|Any CPU
		{9A31E5FB-5DE7-4F1F-BD77-D47081F2C02A}.Release|Any CPU.Build.0 = Release|Any CPU
		{02871A04-8BAB-400F-8370-D78EB8895ABB}.Debug|Any CPU.ActiveCfg = Debug|Any CPU
		{02871A04-8BAB-400F-8370-D78EB8895ABB}.Debug|Any CPU.Build.0 = Debug|Any CPU
		{02871A04-8BAB-400F-8370-D78EB8895ABB}.Release|Any CPU.ActiveCfg = Release|Any CPU
		{02871A04-8BAB-400F-8370-D78EB8895ABB}.Release|Any CPU.Build.0 = Release|Any CPU
		{C528137C-BFFB-4F34-9A61-22C0EB8051D4}.Debug|Any CPU.ActiveCfg = Debug|Any CPU
		{C528137C-BFFB-4F34-9A61-22C0EB8051D4}.Debug|Any CPU.Build.0 = Debug|Any CPU
		{C528137C-BFFB-4F34-9A61-22C0EB8051D4}.Release|Any CPU.ActiveCfg = Release|Any CPU
		{C528137C-BFFB-4F34-9A61-22C0EB8051D4}.Release|Any CPU.Build.0 = Release|Any CPU
		{19429353-3A97-456B-BF3F-A108DB374DFF}.Debug|Any CPU.ActiveCfg = Debug|Any CPU
		{19429353-3A97-456B-BF3F-A108DB374DFF}.Debug|Any CPU.Build.0 = Debug|Any CPU
		{19429353-3A97-456B-BF3F-A108DB374DFF}.Release|Any CPU.ActiveCfg = Release|Any CPU
		{19429353-3A97-456B-BF3F-A108DB374DFF}.Release|Any CPU.Build.0 = Release|Any CPU
		{68B93F12-A34B-4CBE-8636-A8FF24633EAF}.Debug|Any CPU.ActiveCfg = Debug|Any CPU
		{68B93F12-A34B-4CBE-8636-A8FF24633EAF}.Debug|Any CPU.Build.0 = Debug|Any CPU
		{68B93F12-A34B-4CBE-8636-A8FF24633EAF}.Release|Any CPU.ActiveCfg = Release|Any CPU
		{68B93F12-A34B-4CBE-8636-A8FF24633EAF}.Release|Any CPU.Build.0 = Release|Any CPU
		{8603EC27-7BC1-4B25-A9F4-1B0C4CAECF83}.Debug|Any CPU.ActiveCfg = Debug|Any CPU
		{8603EC27-7BC1-4B25-A9F4-1B0C4CAECF83}.Debug|Any CPU.Build.0 = Debug|Any CPU
		{8603EC27-7BC1-4B25-A9F4-1B0C4CAECF83}.Release|Any CPU.ActiveCfg = Release|Any CPU
		{8603EC27-7BC1-4B25-A9F4-1B0C4CAECF83}.Release|Any CPU.Build.0 = Release|Any CPU
		{E0CBA493-FA99-4F5C-A1DD-90C0451457E1}.Debug|Any CPU.ActiveCfg = Debug|Any CPU
		{E0CBA493-FA99-4F5C-A1DD-90C0451457E1}.Debug|Any CPU.Build.0 = Debug|Any CPU
		{E0CBA493-FA99-4F5C-A1DD-90C0451457E1}.Release|Any CPU.ActiveCfg = Release|Any CPU
		{E0CBA493-FA99-4F5C-A1DD-90C0451457E1}.Release|Any CPU.Build.0 = Release|Any CPU
		{68524E02-591F-44B6-8300-F882BD84C3E9}.Debug|Any CPU.ActiveCfg = Debug|Any CPU
		{68524E02-591F-44B6-8300-F882BD84C3E9}.Debug|Any CPU.Build.0 = Debug|Any CPU
		{68524E02-591F-44B6-8300-F882BD84C3E9}.Release|Any CPU.ActiveCfg = Release|Any CPU
		{68524E02-591F-44B6-8300-F882BD84C3E9}.Release|Any CPU.Build.0 = Release|Any CPU
		{84BAD014-4B89-40FB-BC02-D70CDB03E335}.Debug|Any CPU.ActiveCfg = Debug|Any CPU
		{84BAD014-4B89-40FB-BC02-D70CDB03E335}.Debug|Any CPU.Build.0 = Debug|Any CPU
		{84BAD014-4B89-40FB-BC02-D70CDB03E335}.Release|Any CPU.ActiveCfg = Release|Any CPU
		{84BAD014-4B89-40FB-BC02-D70CDB03E335}.Release|Any CPU.Build.0 = Release|Any CPU
		{43EF6A33-62AE-47A0-ADA5-B5A51DAD4D77}.Debug|Any CPU.ActiveCfg = Debug|Any CPU
		{43EF6A33-62AE-47A0-ADA5-B5A51DAD4D77}.Debug|Any CPU.Build.0 = Debug|Any CPU
		{43EF6A33-62AE-47A0-ADA5-B5A51DAD4D77}.Release|Any CPU.ActiveCfg = Release|Any CPU
		{43EF6A33-62AE-47A0-ADA5-B5A51DAD4D77}.Release|Any CPU.Build.0 = Release|Any CPU
	EndGlobalSection
EndGlobal
